
Microsoft Visual Studio Solution File, Format Version 12.00
# Visual Studio Version 17
VisualStudioVersion = 17.14.36221.1 d17.14
MinimumVisualStudioVersion = 10.0.40219.1
Project("{FAE04EC0-301F-11D3-BF4B-00C04F79EFBC}") = "SingletonPatternExample", "SingletonPatternExample\SingletonPatternExample.csproj", "{8D7E7AEF-133A-4E46-B3EF-1EC02B0F37AF}"
EndProject
Global
	GlobalSection(SolutionConfigurationPlatforms) = preSolution
		Debug|Any CPU = Debug|Any CPU
		Release|Any CPU = Release|Any CPU
	EndGlobalSection
	GlobalSection(ProjectConfigurationPlatforms) = postSolution
		{8D7E7AEF-133A-4E46-B3EF-1EC02B0F37AF}.Debug|Any CPU.ActiveCfg = Debug|Any CPU
		{8D7E7AEF-133A-4E46-B3EF-1EC02B0F37AF}.Debug|Any CPU.Build.0 = Debug|Any CPU
		{8D7E7AEF-133A-4E46-B3EF-1EC02B0F37AF}.Release|Any CPU.ActiveCfg = Release|Any CPU
		{8D7E7AEF-133A-4E46-B3EF-1EC02B0F37AF}.Release|Any CPU.Build.0 = Release|Any CPU
	EndGlobalSection
	GlobalSection(SolutionProperties) = preSolution
		HideSolutionNode = FALSE
	EndGlobalSection
	GlobalSection(ExtensibilityGlobals) = postSolution
		SolutionGuid = {FD1F0D9D-61FA-413E-80B0-602A7EEC3286}
	EndGlobalSection
EndGlobal
